
Microsoft Visual Studio Solution File, Format Version 12.00
# Visual Studio Version 17
VisualStudioVersion = 17.7.34202.233
MinimumVisualStudioVersion = 10.0.40219.1
Project("{FAE04EC0-301F-11D3-BF4B-00C04F79EFBC}") = "AbstractionExample", "AbstractionExample\AbstractionExample.csproj", "{93434E28-FCEB-4511-A162-9799CBBEB9B9}"
EndProject
Global
	GlobalSection(SolutionConfigurationPlatforms) = preSolution
		Debug|Any CPU = Debug|Any CPU
		Release|Any CPU = Release|Any CPU
	EndGlobalSection
	GlobalSection(ProjectConfigurationPlatforms) = postSolution
		{93434E28-FCEB-4511-A162-9799CBBEB9B9}.Debug|Any CPU.ActiveCfg = Debug|Any CPU
		{93434E28-FCEB-4511-A162-9799CBBEB9B9}.Debug|Any CPU.Build.0 = Debug|Any CPU
		{93434E28-FCEB-4511-A162-9799CBBEB9B9}.Release|Any CPU.ActiveCfg = Release|Any CPU
		{93434E28-FCEB-4511-A162-9799CBBEB9B9}.Release|Any CPU.Build.0 = Release|Any CPU
	EndGlobalSection
	GlobalSection(SolutionProperties) = preSolution
		HideSolutionNode = FALSE
	EndGlobalSection
	GlobalSection(ExtensibilityGlobals) = postSolution
		SolutionGuid = {F2C8B106-5513-4ADC-B4ED-E0A12678F794}
	EndGlobalSection
EndGlobal
